
Microsoft Visual Studio Solution File, Format Version 12.00
# Visual Studio Version 17
VisualStudioVersion = 17.8.34408.163
MinimumVisualStudioVersion = 10.0.40219.1
Project("{9A19103F-16F7-4668-BE54-9A1E7A4F7556}") = "Gigasecond", "Gigasecond.csproj", "{335C21CE-A5D6-4746-8AC5-2CD8427615C1}"
EndProject
Global
	GlobalSection(SolutionConfigurationPlatforms) = preSolution
		Debug|Any CPU = Debug|Any CPU
		Release|Any CPU = Release|Any CPU
	EndGlobalSection
	GlobalSection(ProjectConfigurationPlatforms) = postSolution
		{335C21CE-A5D6-4746-8AC5-2CD8427615C1}.Debug|Any CPU.ActiveCfg = Debug|Any CPU
		{335C21CE-A5D6-4746-8AC5-2CD8427615C1}.Debug|Any CPU.Build.0 = Debug|Any CPU
		{335C21CE-A5D6-4746-8AC5-2CD8427615C1}.Release|Any CPU.ActiveCfg = Release|Any CPU
		{335C21CE-A5D6-4746-8AC5-2CD8427615C1}.Release|Any CPU.Build.0 = Release|Any CPU
	EndGlobalSection
	GlobalSection(SolutionProperties) = preSolution
		HideSolutionNode = FALSE
	EndGlobalSection
	GlobalSection(ExtensibilityGlobals) = postSolution
		SolutionGuid = {5C07231A-FF87-4D08-81C0-E49CB821E544}
	EndGlobalSection
EndGlobal
